// !$*UTF8*$!
{
	archiveVersion = 1;
	classes = {
	};
	objectVersion = 51;
	objects = {

/* Begin PBXBuildFile section */
		7E125AD427949E0D000DA37D /* AppDelegate.swift in Sources */ = {isa = PBXBuildFile; fileRef = 7E125AD327949E0D000DA37D /* AppDelegate.swift */; };
		7E125AD627949E0D000DA37D /* SceneDelegate.swift in Sources */ = {isa = PBXBuildFile; fileRef = 7E125AD527949E0D000DA37D /* SceneDelegate.swift */; };
		7E125AD827949E0D000DA37D /* ViewController.swift in Sources */ = {isa = PBXBuildFile; fileRef = 7E125AD727949E0D000DA37D /* ViewController.swift */; };
		7E125ADD27949E0F000DA37D /* Assets.xcassets in Resources */ = {isa = PBXBuildFile; fileRef = 7E125ADC27949E0F000DA37D /* Assets.xcassets */; };
		7E125AE027949E0F000DA37D /* LaunchScreen.storyboard in Resources */ = {isa = PBXBuildFile; fileRef = 7E125ADE27949E0F000DA37D /* LaunchScreen.storyboard */; };
		7E125AE92794AC86000DA37D /* RoundButton.swift in Sources */ = {isa = PBXBuildFile; fileRef = 7E125AE82794AC86000DA37D /* RoundButton.swift */; };
		7E7B07F727A43FE000216745 /* LocationManager.swift in Sources */ = {isa = PBXBuildFile; fileRef = 7E7B07F627A43FE000216745 /* LocationManager.swift */; };
		FD3F932D0B824E6E1915FA35 /* Pods_maroschupkina1PW7.framework in Frameworks */ = {isa = PBXBuildFile; fileRef = 6709A04E04BBF69866A7FE1F /* Pods_maroschupkina1PW7.framework */; };
/* End PBXBuildFile section */

/* Begin PBXFileReference section */
		242FBAE16E322F7717CEC98E /* Pods-maroschupkina1PW7.release.xcconfig */ = {isa = PBXFileReference; includeInIndex = 1; lastKnownFileType = text.xcconfig; name = "Pods-maroschupkina1PW7.release.xcconfig"; path = "Target Support Files/Pods-maroschupkina1PW7/Pods-maroschupkina1PW7.release.xcconfig"; sourceTree = "<group>"; };
		6709A04E04BBF69866A7FE1F /* Pods_maroschupkina1PW7.framework */ = {isa = PBXFileReference; explicitFileType = wrapper.framework; includeInIndex = 0; path = Pods_maroschupkina1PW7.framework; sourceTree = BUILT_PRODUCTS_DIR; };
		7E125AD027949E0D000DA37D /* maroschupkina1PW7.app */ = {isa = PBXFileReference; explicitFileType = wrapper.application; includeInIndex = 0; path = maroschupkina1PW7.app; sourceTree = BUILT_PRODUCTS_DIR; };
		7E125AD327949E0D000DA37D /* AppDelegate.swift */ = {isa = PBXFileReference; lastKnownFileType = sourcecode.swift; path = AppDelegate.swift; sourceTree = "<group>"; };
		7E125AD527949E0D000DA37D /* SceneDelegate.swift */ = {isa = PBXFileReference; lastKnownFileType = sourcecode.swift; path = SceneDelegate.swift; sourceTree = "<group>"; };
		7E125AD727949E0D000DA37D /* ViewController.swift */ = {isa = PBXFileReference; lastKnownFileType = sourcecode.swift; path = ViewController.swift; sourceTree = "<group>"; };
		7E125ADC27949E0F000DA37D /* Assets.xcassets */ = {isa = PBXFileReference; lastKnownFileType = folder.assetcatalog; path = Assets.xcassets; sourceTree = "<group>"; };
		7E125ADF27949E0F000DA37D /* Base */ = {isa = PBXFileReference; lastKnownFileType = file.storyboard; name = Base; path = Base.lproj/LaunchScreen.storyboard; sourceTree = "<group>"; };
		7E125AE127949E0F000DA37D /* Info.plist */ = {isa = PBXFileReference; lastKnownFileType = text.plist.xml; path = Info.plist; sourceTree = "<group>"; };
		7E125AE82794AC86000DA37D /* RoundButton.swift */ = {isa = PBXFileReference; lastKnownFileType = sourcecode.swift; path = RoundButton.swift; sourceTree = "<group>"; };
		7E7B07F627A43FE000216745 /* LocationManager.swift */ = {isa = PBXFileReference; lastKnownFileType = sourcecode.swift; path = LocationManager.swift; sourceTree = "<group>"; };
		9E6C19D950D693E6F66A598C /* Pods-maroschupkina1PW7.debug.xcconfig */ = {isa = PBXFileReference; includeInIndex = 1; lastKnownFileType = text.xcconfig; name = "Pods-maroschupkina1PW7.debug.xcconfig"; path = "Target Support Files/Pods-maroschupkina1PW7/Pods-maroschupkina1PW7.debug.xcconfig"; sourceTree = "<group>"; };
/* End PBXFileReference section */

/* Begin PBXFrameworksBuildPhase section */
		7E125ACD27949E0D000DA37D /* Frameworks */ = {
			isa = PBXFrameworksBuildPhase;
			buildActionMask = 2147483647;
			files = (
				FD3F932D0B824E6E1915FA35 /* Pods_maroschupkina1PW7.framework in Frameworks */,
			);
			runOnlyForDeploymentPostprocessing = 0;
		};
/* End PBXFrameworksBuildPhase section */

/* Begin PBXGroup section */
		7E125AC727949E0D000DA37D = {
			isa = PBXGroup;
			children = (
				7E125AD227949E0D000DA37D /* maroschupkina1PW7 */,
				7E125AD127949E0D000DA37D /* Products */,
				DD5E1F30DB8073CABFA61472 /* Pods */,
				EC6B548747EEE6AD7A6AA47D /* Frameworks */,
			);
			sourceTree = "<group>";
		};
		7E125AD127949E0D000DA37D /* Products */ = {
			isa = PBXGroup;
			children = (
				7E125AD027949E0D000DA37D /* maroschupkina1PW7.app */,
			);
			name = Products;
			sourceTree = "<group>";
		};
		7E125AD227949E0D000DA37D /* maroschupkina1PW7 */ = {
			isa = PBXGroup;
			children = (
				7E7B07F927A4455F00216745 /* Models */,
				7E7B07F827A4451B00216745 /* Views */,
				7E125AE72794AAA3000DA37D /* Controllers */,
				7E125AD327949E0D000DA37D /* AppDelegate.swift */,
				7E125AD527949E0D000DA37D /* SceneDelegate.swift */,
				7E125ADC27949E0F000DA37D /* Assets.xcassets */,
				7E125ADE27949E0F000DA37D /* LaunchScreen.storyboard */,
				7E125AE127949E0F000DA37D /* Info.plist */,
			);
			path = maroschupkina1PW7;
			sourceTree = "<group>";
		};
		7E125AE72794AAA3000DA37D /* Controllers */ = {
			isa = PBXGroup;
			children = (
				7E125AD727949E0D000DA37D /* ViewController.swift */,
				7E7B07F627A43FE000216745 /* LocationManager.swift */,
			);
			path = Controllers;
			sourceTree = "<group>";
		};
		7E7B07F827A4451B00216745 /* Views */ = {
			isa = PBXGroup;
			children = (
				7E125AE82794AC86000DA37D /* RoundButton.swift */,
			);
			path = Views;
			sourceTree = "<group>";
		};
		7E7B07F927A4455F00216745 /* Models */ = {
			isa = PBXGroup;
			children = (
			);
			path = Models;
			sourceTree = "<group>";
		};
		DD5E1F30DB8073CABFA61472 /* Pods */ = {
			isa = PBXGroup;
			children = (
				9E6C19D950D693E6F66A598C /* Pods-maroschupkina1PW7.debug.xcconfig */,
				242FBAE16E322F7717CEC98E /* Pods-maroschupkina1PW7.release.xcconfig */,
			);
			path = Pods;
			sourceTree = "<group>";
		};
		EC6B548747EEE6AD7A6AA47D /* Frameworks */ = {
			isa = PBXGroup;
			children = (
				6709A04E04BBF69866A7FE1F /* Pods_maroschupkina1PW7.framework */,
			);
			name = Frameworks;
			sourceTree = "<group>";
		};
/* End PBXGroup section */

/* Begin PBXNativeTarget section */
		7E125ACF27949E0D000DA37D /* maroschupkina1PW7 */ = {
			isa = PBXNativeTarget;
			buildConfigurationList = 7E125AE427949E0F000DA37D /* Build configuration list for PBXNativeTarget "maroschupkina1PW7" */;
			buildPhases = (
				21F837A13DF554E0C545E41F /* [CP] Check Pods Manifest.lock */,
				7E125ACC27949E0D000DA37D /* Sources */,
				7E125ACD27949E0D000DA37D /* Frameworks */,
				7E125ACE27949E0D000DA37D /* Resources */,
				4F4CE14DA243DAA2C7877913 /* [CP] Copy Pods Resources */,
			);
			buildRules = (
			);
			dependencies = (
			);
			name = maroschupkina1PW7;
			productName = maroschupkina1PW7;
			productReference = 7E125AD027949E0D000DA37D /* maroschupkina1PW7.app */;
			productType = "com.apple.product-type.application";
		};
/* End PBXNativeTarget section */

/* Begin PBXProject section */
		7E125AC827949E0D000DA37D /* Project object */ = {
			isa = PBXProject;
			attributes = {
				LastSwiftUpdateCheck = 1250;
				LastUpgradeCheck = 1250;
				TargetAttributes = {
					7E125ACF27949E0D000DA37D = {
						CreatedOnToolsVersion = 12.5.1;
					};
				};
			};
			buildConfigurationList = 7E125ACB27949E0D000DA37D /* Build configuration list for PBXProject "maroschupkina1PW7" */;
			compatibilityVersion = "Xcode 9.3";
			developmentRegion = en;
			hasScannedForEncodings = 0;
			knownRegions = (
				en,
				Base,
			);
			mainGroup = 7E125AC727949E0D000DA37D;
			productRefGroup = 7E125AD127949E0D000DA37D /* Products */;
			projectDirPath = "";
			projectRoot = "";
			targets = (
				7E125ACF27949E0D000DA37D /* maroschupkina1PW7 */,
			);
		};
/* End PBXProject section */

/* Begin PBXResourcesBuildPhase section */
		7E125ACE27949E0D000DA37D /* Resources */ = {
			isa = PBXResourcesBuildPhase;
			buildActionMask = 2147483647;
			files = (
				7E125AE027949E0F000DA37D /* LaunchScreen.storyboard in Resources */,
				7E125ADD27949E0F000DA37D /* Assets.xcassets in Resources */,
			);
			runOnlyForDeploymentPostprocessing = 0;
		};
/* End PBXResourcesBuildPhase section */

/* Begin PBXShellScriptBuildPhase section */
		21F837A13DF554E0C545E41F /* [CP] Check Pods Manifest.lock */ = {
			isa = PBXShellScriptBuildPhase;
			buildActionMask = 2147483647;
			files = (
			);
			inputFileListPaths = (
			);
			inputPaths = (
				"${PODS_PODFILE_DIR_PATH}/Podfile.lock",
				"${PODS_ROOT}/Manifest.lock",
			);
			name = "[CP] Check Pods Manifest.lock";
			outputFileListPaths = (
			);
			outputPaths = (
				"$(DERIVED_FILE_DIR)/Pods-maroschupkina1PW7-checkManifestLockResult.txt",
			);
			runOnlyForDeploymentPostprocessing = 0;
			shellPath = /bin/sh;
			shellScript = "diff \"${PODS_PODFILE_DIR_PATH}/Podfile.lock\" \"${PODS_ROOT}/Manifest.lock\" > /dev/null\nif [ $? != 0 ] ; then\n    # print error to STDERR\n    echo \"error: The sandbox is not in sync with the Podfile.lock. Run 'pod install' or update your CocoaPods installation.\" >&2\n    exit 1\nfi\n# This output is used by Xcode 'outputs' to avoid re-running this script phase.\necho \"SUCCESS\" > \"${SCRIPT_OUTPUT_FILE_0}\"\n";
			showEnvVarsInLog = 0;
		};
		4F4CE14DA243DAA2C7877913 /* [CP] Copy Pods Resources */ = {
			isa = PBXShellScriptBuildPhase;
			buildActionMask = 2147483647;
			files = (
			);
			inputFileListPaths = (
				"${PODS_ROOT}/Target Support Files/Pods-maroschupkina1PW7/Pods-maroschupkina1PW7-resources-${CONFIGURATION}-input-files.xcfilelist",
			);
			name = "[CP] Copy Pods Resources";
			outputFileListPaths = (
				"${PODS_ROOT}/Target Support Files/Pods-maroschupkina1PW7/Pods-maroschupkina1PW7-resources-${CONFIGURATION}-output-files.xcfilelist",
			);
			runOnlyForDeploymentPostprocessing = 0;
			shellPath = /bin/sh;
			shellScript = "\"${PODS_ROOT}/Target Support Files/Pods-maroschupkina1PW7/Pods-maroschupkina1PW7-resources.sh\"\n";
			showEnvVarsInLog = 0;
		};
/* End PBXShellScriptBuildPhase section */

/* Begin PBXSourcesBuildPhase section */
		7E125ACC27949E0D000DA37D /* Sources */ = {
			isa = PBXSourcesBuildPhase;
			buildActionMask = 2147483647;
			files = (
				7E125AE92794AC86000DA37D /* RoundButton.swift in Sources */,
				7E125AD827949E0D000DA37D /* ViewController.swift in Sources */,
				7E7B07F727A43FE000216745 /* LocationManager.swift in Sources */,
				7E125AD427949E0D000DA37D /* AppDelegate.swift in Sources */,
				7E125AD627949E0D000DA37D /* SceneDelegate.swift in Sources */,
			);
			runOnlyForDeploymentPostprocessing = 0;
		};
/* End PBXSourcesBuildPhase section */

/* Begin PBXVariantGroup section */
		7E125ADE27949E0F000DA37D /* LaunchScreen.storyboard */ = {
			isa = PBXVariantGroup;
			children = (
				7E125ADF27949E0F000DA37D /* Base */,
			);
			name = LaunchScreen.storyboard;
			sourceTree = "<group>";
		};
/* End PBXVariantGroup section */

/* Begin XCBuildConfiguration section */
		7E125AE227949E0F000DA37D /* Debug */ = {
			isa = XCBuildConfiguration;
			buildSettings = {
				ALWAYS_SEARCH_USER_PATHS = NO;
				CLANG_ANALYZER_NONNULL = YES;
				CLANG_ANALYZER_NUMBER_OBJECT_CONVERSION = YES_AGGRESSIVE;
				CLANG_CXX_LANGUAGE_STANDARD = "gnu++14";
				CLANG_CXX_LIBRARY = "libc++";
				CLANG_ENABLE_MODULES = YES;
				CLANG_ENABLE_OBJC_ARC = YES;
				CLANG_ENABLE_OBJC_WEAK = YES;
				CLANG_WARN_BLOCK_CAPTURE_AUTORELEASING = YES;
				CLANG_WARN_BOOL_CONVERSION = YES;
				CLANG_WARN_COMMA = YES;
				CLANG_WARN_CONSTANT_CONVERSION = YES;
				CLANG_WARN_DEPRECATED_OBJC_IMPLEMENTATIONS = YES;
				CLANG_WARN_DIRECT_OBJC_ISA_USAGE = YES_ERROR;
				CLANG_WARN_DOCUMENTATION_COMMENTS = YES;
				CLANG_WARN_EMPTY_BODY = YES;
				CLANG_WARN_ENUM_CONVERSION = YES;
				CLANG_WARN_INFINITE_RECURSION = YES;
				CLANG_WARN_INT_CONVERSION = YES;
				CLANG_WARN_NON_LITERAL_NULL_CONVERSION = YES;
				CLANG_WARN_OBJC_IMPLICIT_RETAIN_SELF = YES;
				CLANG_WARN_OBJC_LITERAL_CONVERSION = YES;
				CLANG_WARN_OBJC_ROOT_CLASS = YES_ERROR;
				CLANG_WARN_QUOTED_INCLUDE_IN_FRAMEWORK_HEADER = YES;
				CLANG_WARN_RANGE_LOOP_ANALYSIS = YES;
				CLANG_WARN_STRICT_PROTOTYPES = YES;
				CLANG_WARN_SUSPICIOUS_MOVE = YES;
				CLANG_WARN_UNGUARDED_AVAILABILITY = YES_AGGRESSIVE;
				CLANG_WARN_UNREACHABLE_CODE = YES;
				CLANG_WARN__DUPLICATE_METHOD_MATCH = YES;
				COPY_PHASE_STRIP = NO;
				DEBUG_INFORMATION_FORMAT = dwarf;
				ENABLE_STRICT_OBJC_MSGSEND = YES;
				ENABLE_TESTABILITY = YES;
				GCC_C_LANGUAGE_STANDARD = gnu11;
				GCC_DYNAMIC_NO_PIC = NO;
				GCC_NO_COMMON_BLOCKS = YES;
				GCC_OPTIMIZATION_LEVEL = 0;
				GCC_PREPROCESSOR_DEFINITIONS = (
					"DEBUG=1",
					"$(inherited)",
				);
				GCC_WARN_64_TO_32_BIT_CONVERSION = YES;
				GCC_WARN_ABOUT_RETURN_TYPE = YES_ERROR;
				GCC_WARN_UNDECLARED_SELECTOR = YES;
				GCC_WARN_UNINITIALIZED_AUTOS = YES_AGGRESSIVE;
				GCC_WARN_UNUSED_FUNCTION = YES;
				GCC_WARN_UNUSED_VARIABLE = YES;
				IPHONEOS_DEPLOYMENT_TARGET = 14.5;
				MTL_ENABLE_DEBUG_INFO = INCLUDE_SOURCE;
				MTL_FAST_MATH = YES;
				ONLY_ACTIVE_ARCH = YES;
				SDKROOT = iphoneos;
				SWIFT_ACTIVE_COMPILATION_CONDITIONS = DEBUG;
				SWIFT_OPTIMIZATION_LEVEL = "-Onone";
			};
			name = Debug;
		};
		7E125AE327949E0F000DA37D /* Release */ = {
			isa = XCBuildConfiguration;
			buildSettings = {
				ALWAYS_SEARCH_USER_PATHS = NO;
				CLANG_ANALYZER_NONNULL = YES;
				CLANG_ANALYZER_NUMBER_OBJECT_CONVERSION = YES_AGGRESSIVE;
				CLANG_CXX_LANGUAGE_STANDARD = "gnu++14";
				CLANG_CXX_LIBRARY = "libc++";
				CLANG_ENABLE_MODULES = YES;
				CLANG_ENABLE_OBJC_ARC = YES;
				CLANG_ENABLE_OBJC_WEAK = YES;
				CLANG_WARN_BLOCK_CAPTURE_AUTORELEASING = YES;
				CLANG_WARN_BOOL_CONVERSION = YES;
				CLANG_WARN_COMMA = YES;
				CLANG_WARN_CONSTANT_CONVERSION = YES;
				CLANG_WARN_DEPRECATED_OBJC_IMPLEMENTATIONS = YES;
				CLANG_WARN_DIRECT_OBJC_ISA_USAGE = YES_ERROR;
				CLANG_WARN_DOCUMENTATION_COMMENTS = YES;
				CLANG_WARN_EMPTY_BODY = YES;
				CLANG_WARN_ENUM_CONVERSION = YES;
				CLANG_WARN_INFINITE_RECURSION = YES;
				CLANG_WARN_INT_CONVERSION = YES;
				CLANG_WARN_NON_LITERAL_NULL_CONVERSION = YES;
				CLANG_WARN_OBJC_IMPLICIT_RETAIN_SELF = YES;
				CLANG_WARN_OBJC_LITERAL_CONVERSION = YES;
				CLANG_WARN_OBJC_ROOT_CLASS = YES_ERROR;
				CLANG_WARN_QUOTED_INCLUDE_IN_FRAMEWORK_HEADER = YES;
				CLANG_WARN_RANGE_LOOP_ANALYSIS = YES;
				CLANG_WARN_STRICT_PROTOTYPES = YES;
				CLANG_WARN_SUSPICIOUS_MOVE = YES;
				CLANG_WARN_UNGUARDED_AVAILABILITY = YES_AGGRESSIVE;
				CLANG_WARN_UNREACHABLE_CODE = YES;
				CLANG_WARN__DUPLICATE_METHOD_MATCH = YES;
				COPY_PHASE_STRIP = NO;
				DEBUG_INFORMATION_FORMAT = "dwarf-with-dsym";
				ENABLE_NS_ASSERTIONS = NO;
				ENABLE_STRICT_OBJC_MSGSEND = YES;
				GCC_C_LANGUAGE_STANDARD = gnu11;
				GCC_NO_COMMON_BLOCKS = YES;
				GCC_WARN_64_TO_32_BIT_CONVERSION = YES;
				GCC_WARN_ABOUT_RETURN_TYPE = YES_ERROR;
				GCC_WARN_UNDECLARED_SELECTOR = YES;
				GCC_WARN_UNINITIALIZED_AUTOS = YES_AGGRESSIVE;
				GCC_WARN_UNUSED_FUNCTION = YES;
				GCC_WARN_UNUSED_VARIABLE = YES;
				IPHONEOS_DEPLOYMENT_TARGET = 14.5;
				MTL_ENABLE_DEBUG_INFO = NO;
				MTL_FAST_MATH = YES;
				SDKROOT = iphoneos;
				SWIFT_COMPILATION_MODE = wholemodule;
				SWIFT_OPTIMIZATION_LEVEL = "-O";
				VALIDATE_PRODUCT = YES;
			};
			name = Release;
		};
		7E125AE527949E0F000DA37D /* Debug */ = {
			isa = XCBuildConfiguration;
			baseConfigurationReference = 9E6C19D950D693E6F66A598C /* Pods-maroschupkina1PW7.debug.xcconfig */;
			buildSettings = {
				ASSETCATALOG_COMPILER_APPICON_NAME = AppIcon;
				ASSETCATALOG_COMPILER_GLOBAL_ACCENT_COLOR_NAME = AccentColor;
				CODE_SIGN_STYLE = Automatic;
				DEVELOPMENT_TEAM = 6F2X87BUET;
				INFOPLIST_FILE = maroschupkina1PW7/Info.plist;
				IPHONEOS_DEPLOYMENT_TARGET = 14.3;
				LD_RUNPATH_SEARCH_PATHS = (
					"$(inherited)",
					"@executable_path/Frameworks",
				);
				PRODUCT_BUNDLE_IDENTIFIER = marina.maroschupkina1PW7;
				PRODUCT_NAME = "$(TARGET_NAME)";
				SWIFT_VERSION = 5.0;
				TARGETED_DEVICE_FAMILY = "1,2";
			};
			name = Debug;
		};
		7E125AE627949E0F000DA37D /* Release */ = {
			isa = XCBuildConfiguration;
			baseConfigurationReference = 242FBAE16E322F7717CEC98E /* Pods-maroschupkina1PW7.release.xcconfig */;
			buildSettings = {
				ASSETCATALOG_COMPILER_APPICON_NAME = AppIcon;
				ASSETCATALOG_COMPILER_GLOBAL_ACCENT_COLOR_NAME = AccentColor;
				CODE_SIGN_STYLE = Automatic;
				DEVELOPMENT_TEAM = 6F2X87BUET;
				INFOPLIST_FILE = maroschupkina1PW7/Info.plist;
				IPHONEOS_DEPLOYMENT_TARGET = 14.3;
				LD_RUNPATH_SEARCH_PATHS = (
					"$(inherited)",
					"@executable_path/Frameworks",
				);
				PRODUCT_BUNDLE_IDENTIFIER = marina.maroschupkina1PW7;
				PRODUCT_NAME = "$(TARGET_NAME)";
				SWIFT_VERSION = 5.0;
				TARGETED_DEVICE_FAMILY = "1,2";
			};
			name = Release;
		};
/* End XCBuildConfiguration section */

/* Begin XCConfigurationList section */
		7E125ACB27949E0D000DA37D /* Build configuration list for PBXProject "maroschupkina1PW7" */ = {
			isa = XCConfigurationList;
			buildConfigurations = (
				7E125AE227949E0F000DA37D /* Debug */,
				7E125AE327949E0F000DA37D /* Release */,
			);
			defaultConfigurationIsVisible = 0;
			defaultConfigurationName = Release;
		};
		7E125AE427949E0F000DA37D /* Build configuration list for PBXNativeTarget "maroschupkina1PW7" */ = {
			isa = XCConfigurationList;
			buildConfigurations = (
				7E125AE527949E0F000DA37D /* Debug */,
				7E125AE627949E0F000DA37D /* Release */,
			);
			defaultConfigurationIsVisible = 0;
			defaultConfigurationName = Release;
		};
/* End XCConfigurationList section */
	};
	rootObject = 7E125AC827949E0D000DA37D /* Project object */;
}
